
Microsoft Visual Studio Solution File, Format Version 12.00
Project("{FAE04EC0-301F-11D3-BF4B-00C04F79EFBC}") = "CoordsTool.Core", "CoordsTool.Core\CoordsTool.Core.csproj", "{184E2EE8-8E0C-4165-BD13-FFFFCA38BD4E}"
EndProject
Project("{FAE04EC0-301F-11D3-BF4B-00C04F79EFBC}") = "CoordsTool.WPF", "CoordsTool.WPF\CoordsTool.WPF.csproj", "{C1C5B05F-68DA-4967-8A58-66DA4AC6D737}"
EndProject
Global
	GlobalSection(SolutionConfigurationPlatforms) = preSolution
		Debug|Any CPU = Debug|Any CPU
		Release|Any CPU = Release|Any CPU
	EndGlobalSection
	GlobalSection(ProjectConfigurationPlatforms) = postSolution
		{184E2EE8-8E0C-4165-BD13-FFFFCA38BD4E}.Debug|Any CPU.ActiveCfg = Debug|Any CPU
		{184E2EE8-8E0C-4165-BD13-FFFFCA38BD4E}.Debug|Any CPU.Build.0 = Debug|Any CPU
		{184E2EE8-8E0C-4165-BD13-FFFFCA38BD4E}.Release|Any CPU.ActiveCfg = Release|Any CPU
		{184E2EE8-8E0C-4165-BD13-FFFFCA38BD4E}.Release|Any CPU.Build.0 = Release|Any CPU
		{C1C5B05F-68DA-4967-8A58-66DA4AC6D737}.Debug|Any CPU.ActiveCfg = Debug|Any CPU
		{C1C5B05F-68DA-4967-8A58-66DA4AC6D737}.Debug|Any CPU.Build.0 = Debug|Any CPU
		{C1C5B05F-68DA-4967-8A58-66DA4AC6D737}.Release|Any CPU.ActiveCfg = Release|Any CPU
		{C1C5B05F-68DA-4967-8A58-66DA4AC6D737}.Release|Any CPU.Build.0 = Release|Any CPU
	EndGlobalSection
EndGlobal
